
Microsoft Visual Studio Solution File, Format Version 12.00
# Visual Studio 15
Project("{FAE04EC0-301F-11D3-BF4B-00C04F79EFBC}") = "Assembly-CSharp", "Assembly-CSharp.csproj", "{39841C25-6337-6194-B091-E8AD8F9F553E}"
EndProject
Project("{FAE04EC0-301F-11D3-BF4B-00C04F79EFBC}") = "VuforiaScripts", "VuforiaScripts.csproj", "{2887649B-AD07-17A7-5F58-176EBC38F986}"
EndProject
Project("{FAE04EC0-301F-11D3-BF4B-00C04F79EFBC}") = "VuforiaEditorScripts", "VuforiaEditorScripts.csproj", "{DAEE3366-B04C-E1F7-2BBE-8F3127A7ED75}"
EndProject
Global
	GlobalSection(SolutionConfigurationPlatforms) = preSolution
		Debug|Any CPU = Debug|Any CPU
		Release|Any CPU = Release|Any CPU
	EndGlobalSection
	GlobalSection(ProjectConfigurationPlatforms) = postSolution
		{39841C25-6337-6194-B091-E8AD8F9F553E}.Debug|Any CPU.ActiveCfg = Debug|Any CPU
		{39841C25-6337-6194-B091-E8AD8F9F553E}.Debug|Any CPU.Build.0 = Debug|Any CPU
		{39841C25-6337-6194-B091-E8AD8F9F553E}.Release|Any CPU.ActiveCfg = Release|Any CPU
		{39841C25-6337-6194-B091-E8AD8F9F553E}.Release|Any CPU.Build.0 = Release|Any CPU
		{2887649B-AD07-17A7-5F58-176EBC38F986}.Debug|Any CPU.ActiveCfg = Debug|Any CPU
		{2887649B-AD07-17A7-5F58-176EBC38F986}.Debug|Any CPU.Build.0 = Debug|Any CPU
		{2887649B-AD07-17A7-5F58-176EBC38F986}.Release|Any CPU.ActiveCfg = Release|Any CPU
		{2887649B-AD07-17A7-5F58-176EBC38F986}.Release|Any CPU.Build.0 = Release|Any CPU
		{DAEE3366-B04C-E1F7-2BBE-8F3127A7ED75}.Debug|Any CPU.ActiveCfg = Debug|Any CPU
		{DAEE3366-B04C-E1F7-2BBE-8F3127A7ED75}.Debug|Any CPU.Build.0 = Debug|Any CPU
		{DAEE3366-B04C-E1F7-2BBE-8F3127A7ED75}.Release|Any CPU.ActiveCfg = Release|Any CPU
		{DAEE3366-B04C-E1F7-2BBE-8F3127A7ED75}.Release|Any CPU.Build.0 = Release|Any CPU
	EndGlobalSection
	GlobalSection(SolutionProperties) = preSolution
		HideSolutionNode = FALSE
	EndGlobalSection
EndGlobal
